
Microsoft Visual Studio Solution File, Format Version 12.00
# Visual Studio Version 17
VisualStudioVersion = 17.3.32819.101
MinimumVisualStudioVersion = 10.0.40219.1
Project("{FAE04EC0-301F-11D3-BF4B-00C04F79EFBC}") = "CapaGui", "NoteIt\CapaGui.csproj", "{0860A1FD-3723-44CE-8DA0-00C177B8B832}"
EndProject
Global
	GlobalSection(SolutionConfigurationPlatforms) = preSolution
		Debug|Any CPU = Debug|Any CPU
		Release|Any CPU = Release|Any CPU
	EndGlobalSection
	GlobalSection(ProjectConfigurationPlatforms) = postSolution
		{0860A1FD-3723-44CE-8DA0-00C177B8B832}.Debug|Any CPU.ActiveCfg = Debug|Any CPU
		{0860A1FD-3723-44CE-8DA0-00C177B8B832}.Debug|Any CPU.Build.0 = Debug|Any CPU
		{0860A1FD-3723-44CE-8DA0-00C177B8B832}.Release|Any CPU.ActiveCfg = Release|Any CPU
		{0860A1FD-3723-44CE-8DA0-00C177B8B832}.Release|Any CPU.Build.0 = Release|Any CPU
	EndGlobalSection
	GlobalSection(SolutionProperties) = preSolution
		HideSolutionNode = FALSE
	EndGlobalSection
	GlobalSection(ExtensibilityGlobals) = postSolution
		SolutionGuid = {66E53104-355F-466D-ADB4-07CA862E09AE}
	EndGlobalSection
EndGlobal
